// !$*UTF8*$!
{
	archiveVersion = 1;
	classes = {
	};
	objectVersion = 56;
	objects = {

/* Begin PBXBuildFile section */
		2138ED102ADA95EA0022B2D7 /* mainpage3App.swift in Sources */ = {isa = PBXBuildFile; fileRef = 2138ED0F2ADA95EA0022B2D7 /* mainpage3App.swift */; };
		2138ED122ADA95EA0022B2D7 /* ContentView.swift in Sources */ = {isa = PBXBuildFile; fileRef = 2138ED112ADA95EA0022B2D7 /* ContentView.swift */; };
		2138ED142ADA95EC0022B2D7 /* Assets.xcassets in Resources */ = {isa = PBXBuildFile; fileRef = 2138ED132ADA95EC0022B2D7 /* Assets.xcassets */; };
		2138ED172ADA95EC0022B2D7 /* Preview Assets.xcassets in Resources */ = {isa = PBXBuildFile; fileRef = 2138ED162ADA95EC0022B2D7 /* Preview Assets.xcassets */; };
		A910850F2ADE68EB00FC22A5 /* SplashscreenView.swift in Sources */ = {isa = PBXBuildFile; fileRef = A910850E2ADE68EB00FC22A5 /* SplashscreenView.swift */; };
		A91085112ADE696000FC22A5 /* Intersts.swift in Sources */ = {isa = PBXBuildFile; fileRef = A91085102ADE696000FC22A5 /* Intersts.swift */; };
		A91085132ADE69A800FC22A5 /* SecondView.swift in Sources */ = {isa = PBXBuildFile; fileRef = A91085122ADE69A800FC22A5 /* SecondView.swift */; };
		A91085182ADE6AEB00FC22A5 /* Ithra in Resources */ = {isa = PBXBuildFile; fileRef = A91085172ADE6AEB00FC22A5 /* Ithra */; };
/* End PBXBuildFile section */

/* Begin PBXFileReference section */
		2138ED0C2ADA95EA0022B2D7 /* mainpage3.app */ = {isa = PBXFileReference; explicitFileType = wrapper.application; includeInIndex = 0; path = mainpage3.app; sourceTree = BUILT_PRODUCTS_DIR; };
		2138ED0F2ADA95EA0022B2D7 /* mainpage3App.swift */ = {isa = PBXFileReference; lastKnownFileType = sourcecode.swift; path = mainpage3App.swift; sourceTree = "<group>"; };
		2138ED112ADA95EA0022B2D7 /* ContentView.swift */ = {isa = PBXFileReference; lastKnownFileType = sourcecode.swift; path = ContentView.swift; sourceTree = "<group>"; };
		2138ED132ADA95EC0022B2D7 /* Assets.xcassets */ = {isa = PBXFileReference; lastKnownFileType = folder.assetcatalog; path = Assets.xcassets; sourceTree = "<group>"; };
		2138ED162ADA95EC0022B2D7 /* Preview Assets.xcassets */ = {isa = PBXFileReference; lastKnownFileType = folder.assetcatalog; path = "Preview Assets.xcassets"; sourceTree = "<group>"; };
		A910850E2ADE68EB00FC22A5 /* SplashscreenView.swift */ = {isa = PBXFileReference; lastKnownFileType = sourcecode.swift; path = SplashscreenView.swift; sourceTree = "<group>"; };
		A91085102ADE696000FC22A5 /* Intersts.swift */ = {isa = PBXFileReference; lastKnownFileType = sourcecode.swift; path = Intersts.swift; sourceTree = "<group>"; };
		A91085122ADE69A800FC22A5 /* SecondView.swift */ = {isa = PBXFileReference; lastKnownFileType = sourcecode.swift; path = SecondView.swift; sourceTree = "<group>"; };
		A91085172ADE6AEB00FC22A5 /* Ithra */ = {isa = PBXFileReference; lastKnownFileType = file; name = Ithra; path = "../../../../Downloads/Ithra Bold-3/Ithra"; sourceTree = "<group>"; };
		A91085192ADE6B0C00FC22A5 /* Info.plist */ = {isa = PBXFileReference; lastKnownFileType = text.plist; path = Info.plist; sourceTree = "<group>"; };
/* End PBXFileReference section */

/* Begin PBXFrameworksBuildPhase section */
		2138ED092ADA95EA0022B2D7 /* Frameworks */ = {
			isa = PBXFrameworksBuildPhase;
			buildActionMask = 2147483647;
			files = (
			);
			runOnlyForDeploymentPostprocessing = 0;
		};
/* End PBXFrameworksBuildPhase section */

/* Begin PBXGroup section */
		2138ED032ADA95EA0022B2D7 = {
			isa = PBXGroup;
			children = (
				2138ED0E2ADA95EA0022B2D7 /* mainpage3 */,
				2138ED0D2ADA95EA0022B2D7 /* Products */,
			);
			sourceTree = "<group>";
		};
		2138ED0D2ADA95EA0022B2D7 /* Products */ = {
			isa = PBXGroup;
			children = (
				2138ED0C2ADA95EA0022B2D7 /* mainpage3.app */,
			);
			name = Products;
			sourceTree = "<group>";
		};
		2138ED0E2ADA95EA0022B2D7 /* mainpage3 */ = {
			isa = PBXGroup;
			children = (
				A91085192ADE6B0C00FC22A5 /* Info.plist */,
				A91085162ADE6AD400FC22A5 /* font */,
				2138ED0F2ADA95EA0022B2D7 /* mainpage3App.swift */,
				2138ED112ADA95EA0022B2D7 /* ContentView.swift */,
				A910850E2ADE68EB00FC22A5 /* SplashscreenView.swift */,
				A91085102ADE696000FC22A5 /* Intersts.swift */,
				A91085122ADE69A800FC22A5 /* SecondView.swift */,
				2138ED132ADA95EC0022B2D7 /* Assets.xcassets */,
				2138ED152ADA95EC0022B2D7 /* Preview Content */,
			);
			path = mainpage3;
			sourceTree = "<group>";
		};
		2138ED152ADA95EC0022B2D7 /* Preview Content */ = {
			isa = PBXGroup;
			children = (
				2138ED162ADA95EC0022B2D7 /* Preview Assets.xcassets */,
			);
			path = "Preview Content";
			sourceTree = "<group>";
		};
		A91085162ADE6AD400FC22A5 /* font */ = {
			isa = PBXGroup;
			children = (
				A91085172ADE6AEB00FC22A5 /* Ithra */,
			);
			path = font;
			sourceTree = "<group>";
		};
/* End PBXGroup section */

/* Begin PBXNativeTarget section */
		2138ED0B2ADA95EA0022B2D7 /* mainpage3 */ = {
			isa = PBXNativeTarget;
			buildConfigurationList = 2138ED1A2ADA95EC0022B2D7 /* Build configuration list for PBXNativeTarget "mainpage3" */;
			buildPhases = (
				2138ED082ADA95EA0022B2D7 /* Sources */,
				2138ED092ADA95EA0022B2D7 /* Frameworks */,
				2138ED0A2ADA95EA0022B2D7 /* Resources */,
			);
			buildRules = (
			);
			dependencies = (
			);
			name = mainpage3;
			productName = mainpage3;
			productReference = 2138ED0C2ADA95EA0022B2D7 /* mainpage3.app */;
			productType = "com.apple.product-type.application";
		};
/* End PBXNativeTarget section */

/* Begin PBXProject section */
		2138ED042ADA95EA0022B2D7 /* Project object */ = {
			isa = PBXProject;
			attributes = {
				BuildIndependentTargetsInParallel = 1;
				LastSwiftUpdateCheck = 1500;
				LastUpgradeCheck = 1500;
				TargetAttributes = {
					2138ED0B2ADA95EA0022B2D7 = {
						CreatedOnToolsVersion = 15.0;
					};
				};
			};
			buildConfigurationList = 2138ED072ADA95EA0022B2D7 /* Build configuration list for PBXProject "mainpage3" */;
			compatibilityVersion = "Xcode 14.0";
			developmentRegion = en;
			hasScannedForEncodings = 0;
			knownRegions = (
				en,
				Base,
			);
			mainGroup = 2138ED032ADA95EA0022B2D7;
			productRefGroup = 2138ED0D2ADA95EA0022B2D7 /* Products */;
			projectDirPath = "";
			projectRoot = "";
			targets = (
				2138ED0B2ADA95EA0022B2D7 /* mainpage3 */,
			);
		};
/* End PBXProject section */

/* Begin PBXResourcesBuildPhase section */
		2138ED0A2ADA95EA0022B2D7 /* Resources */ = {
			isa = PBXResourcesBuildPhase;
			buildActionMask = 2147483647;
			files = (
				2138ED172ADA95EC0022B2D7 /* Preview Assets.xcassets in Resources */,
				2138ED142ADA95EC0022B2D7 /* Assets.xcassets in Resources */,
				A91085182ADE6AEB00FC22A5 /* Ithra in Resources */,
			);
			runOnlyForDeploymentPostprocessing = 0;
		};
/* End PBXResourcesBuildPhase section */

/* Begin PBXSourcesBuildPhase section */
		2138ED082ADA95EA0022B2D7 /* Sources */ = {
			isa = PBXSourcesBuildPhase;
			buildActionMask = 2147483647;
			files = (
				A910850F2ADE68EB00FC22A5 /* SplashscreenView.swift in Sources */,
				A91085132ADE69A800FC22A5 /* SecondView.swift in Sources */,
				A91085112ADE696000FC22A5 /* Intersts.swift in Sources */,
				2138ED122ADA95EA0022B2D7 /* ContentView.swift in Sources */,
				2138ED102ADA95EA0022B2D7 /* mainpage3App.swift in Sources */,
			);
			runOnlyForDeploymentPostprocessing = 0;
		};
/* End PBXSourcesBuildPhase section */

/* Begin XCBuildConfiguration section */
		2138ED182ADA95EC0022B2D7 /* Debug */ = {
			isa = XCBuildConfiguration;
			buildSettings = {
				ALWAYS_SEARCH_USER_PATHS = NO;
				ASSETCATALOG_COMPILER_GENERATE_SWIFT_ASSET_SYMBOL_EXTENSIONS = YES;
				CLANG_ANALYZER_NONNULL = YES;
				CLANG_ANALYZER_NUMBER_OBJECT_CONVERSION = YES_AGGRESSIVE;
				CLANG_CXX_LANGUAGE_STANDARD = "gnu++20";
				CLANG_ENABLE_MODULES = YES;
				CLANG_ENABLE_OBJC_ARC = YES;
				CLANG_ENABLE_OBJC_WEAK = YES;
				CLANG_WARN_BLOCK_CAPTURE_AUTORELEASING = YES;
				CLANG_WARN_BOOL_CONVERSION = YES;
				CLANG_WARN_COMMA = YES;
				CLANG_WARN_CONSTANT_CONVERSION = YES;
				CLANG_WARN_DEPRECATED_OBJC_IMPLEMENTATIONS = YES;
				CLANG_WARN_DIRECT_OBJC_ISA_USAGE = YES_ERROR;
				CLANG_WARN_DOCUMENTATION_COMMENTS = YES;
				CLANG_WARN_EMPTY_BODY = YES;
				CLANG_WARN_ENUM_CONVERSION = YES;
				CLANG_WARN_INFINITE_RECURSION = YES;
				CLANG_WARN_INT_CONVERSION = YES;
				CLANG_WARN_NON_LITERAL_NULL_CONVERSION = YES;
				CLANG_WARN_OBJC_IMPLICIT_RETAIN_SELF = YES;
				CLANG_WARN_OBJC_LITERAL_CONVERSION = YES;
				CLANG_WARN_OBJC_ROOT_CLASS = YES_ERROR;
				CLANG_WARN_QUOTED_INCLUDE_IN_FRAMEWORK_HEADER = YES;
				CLANG_WARN_RANGE_LOOP_ANALYSIS = YES;
				CLANG_WARN_STRICT_PROTOTYPES = YES;
				CLANG_WARN_SUSPICIOUS_MOVE = YES;
				CLANG_WARN_UNGUARDED_AVAILABILITY = YES_AGGRESSIVE;
				CLANG_WARN_UNREACHABLE_CODE = YES;
				CLANG_WARN__DUPLICATE_METHOD_MATCH = YES;
				COPY_PHASE_STRIP = NO;
				DEBUG_INFORMATION_FORMAT = dwarf;
				ENABLE_STRICT_OBJC_MSGSEND = YES;
				ENABLE_TESTABILITY = YES;
				ENABLE_USER_SCRIPT_SANDBOXING = YES;
				GCC_C_LANGUAGE_STANDARD = gnu17;
				GCC_DYNAMIC_NO_PIC = NO;
				GCC_NO_COMMON_BLOCKS = YES;
				GCC_OPTIMIZATION_LEVEL = 0;
				GCC_PREPROCESSOR_DEFINITIONS = (
					"DEBUG=1",
					"$(inherited)",
				);
				GCC_WARN_64_TO_32_BIT_CONVERSION = YES;
				GCC_WARN_ABOUT_RETURN_TYPE = YES_ERROR;
				GCC_WARN_UNDECLARED_SELECTOR = YES;
				GCC_WARN_UNINITIALIZED_AUTOS = YES_AGGRESSIVE;
				GCC_WARN_UNUSED_FUNCTION = YES;
				GCC_WARN_UNUSED_VARIABLE = YES;
				IPHONEOS_DEPLOYMENT_TARGET = 17.0;
				LOCALIZATION_PREFERS_STRING_CATALOGS = YES;
				MTL_ENABLE_DEBUG_INFO = INCLUDE_SOURCE;
				MTL_FAST_MATH = YES;
				ONLY_ACTIVE_ARCH = YES;
				SDKROOT = iphoneos;
				SWIFT_ACTIVE_COMPILATION_CONDITIONS = "DEBUG $(inherited)";
				SWIFT_OPTIMIZATION_LEVEL = "-Onone";
			};
			name = Debug;
		};
		2138ED192ADA95EC0022B2D7 /* Release */ = {
			isa = XCBuildConfiguration;
			buildSettings = {
				ALWAYS_SEARCH_USER_PATHS = NO;
				ASSETCATALOG_COMPILER_GENERATE_SWIFT_ASSET_SYMBOL_EXTENSIONS = YES;
				CLANG_ANALYZER_NONNULL = YES;
				CLANG_ANALYZER_NUMBER_OBJECT_CONVERSION = YES_AGGRESSIVE;
				CLANG_CXX_LANGUAGE_STANDARD = "gnu++20";
				CLANG_ENABLE_MODULES = YES;
				CLANG_ENABLE_OBJC_ARC = YES;
				CLANG_ENABLE_OBJC_WEAK = YES;
				CLANG_WARN_BLOCK_CAPTURE_AUTORELEASING = YES;
				CLANG_WARN_BOOL_CONVERSION = YES;
				CLANG_WARN_COMMA = YES;
				CLANG_WARN_CONSTANT_CONVERSION = YES;
				CLANG_WARN_DEPRECATED_OBJC_IMPLEMENTATIONS = YES;
				CLANG_WARN_DIRECT_OBJC_ISA_USAGE = YES_ERROR;
				CLANG_WARN_DOCUMENTATION_COMMENTS = YES;
				CLANG_WARN_EMPTY_BODY = YES;
				CLANG_WARN_ENUM_CONVERSION = YES;
				CLANG_WARN_INFINITE_RECURSION = YES;
				CLANG_WARN_INT_CONVERSION = YES;
				CLANG_WARN_NON_LITERAL_NULL_CONVERSION = YES;
				CLANG_WARN_OBJC_IMPLICIT_RETAIN_SELF = YES;
				CLANG_WARN_OBJC_LITERAL_CONVERSION = YES;
				CLANG_WARN_OBJC_ROOT_CLASS = YES_ERROR;
				CLANG_WARN_QUOTED_INCLUDE_IN_FRAMEWORK_HEADER = YES;
				CLANG_WARN_RANGE_LOOP_ANALYSIS = YES;
				CLANG_WARN_STRICT_PROTOTYPES = YES;
				CLANG_WARN_SUSPICIOUS_MOVE = YES;
				CLANG_WARN_UNGUARDED_AVAILABILITY = YES_AGGRESSIVE;
				CLANG_WARN_UNREACHABLE_CODE = YES;
				CLANG_WARN__DUPLICATE_METHOD_MATCH = YES;
				COPY_PHASE_STRIP = NO;
				DEBUG_INFORMATION_FORMAT = "dwarf-with-dsym";
				ENABLE_NS_ASSERTIONS = NO;
				ENABLE_STRICT_OBJC_MSGSEND = YES;
				ENABLE_USER_SCRIPT_SANDBOXING = YES;
				GCC_C_LANGUAGE_STANDARD = gnu17;
				GCC_NO_COMMON_BLOCKS = YES;
				GCC_WARN_64_TO_32_BIT_CONVERSION = YES;
				GCC_WARN_ABOUT_RETURN_TYPE = YES_ERROR;
				GCC_WARN_UNDECLARED_SELECTOR = YES;
				GCC_WARN_UNINITIALIZED_AUTOS = YES_AGGRESSIVE;
				GCC_WARN_UNUSED_FUNCTION = YES;
				GCC_WARN_UNUSED_VARIABLE = YES;
				IPHONEOS_DEPLOYMENT_TARGET = 17.0;
				LOCALIZATION_PREFERS_STRING_CATALOGS = YES;
				MTL_ENABLE_DEBUG_INFO = NO;
				MTL_FAST_MATH = YES;
				SDKROOT = iphoneos;
				SWIFT_COMPILATION_MODE = wholemodule;
				VALIDATE_PRODUCT = YES;
			};
			name = Release;
		};
		2138ED1B2ADA95EC0022B2D7 /* Debug */ = {
			isa = XCBuildConfiguration;
			buildSettings = {
				ASSETCATALOG_COMPILER_APPICON_NAME = AppIcon;
				ASSETCATALOG_COMPILER_GLOBAL_ACCENT_COLOR_NAME = AccentColor;
				CODE_SIGN_STYLE = Automatic;
				CURRENT_PROJECT_VERSION = 1;
				DEVELOPMENT_ASSET_PATHS = "\"mainpage3/Preview Content\"";
				ENABLE_PREVIEWS = YES;
				GENERATE_INFOPLIST_FILE = YES;
				INFOPLIST_FILE = mainpage3/Info.plist;
				INFOPLIST_KEY_UIApplicationSceneManifest_Generation = YES;
				INFOPLIST_KEY_UIApplicationSupportsIndirectInputEvents = YES;
				INFOPLIST_KEY_UILaunchScreen_Generation = YES;
				INFOPLIST_KEY_UISupportedInterfaceOrientations_iPad = "UIInterfaceOrientationPortrait UIInterfaceOrientationPortraitUpsideDown UIInterfaceOrientationLandscapeLeft UIInterfaceOrientationLandscapeRight";
				INFOPLIST_KEY_UISupportedInterfaceOrientations_iPhone = "UIInterfaceOrientationPortrait UIInterfaceOrientationLandscapeLeft UIInterfaceOrientationLandscapeRight";
				LD_RUNPATH_SEARCH_PATHS = (
					"$(inherited)",
					"@executable_path/Frameworks",
				);
				MARKETING_VERSION = 1.0;
				PRODUCT_BUNDLE_IDENTIFIER = r.mainpage3;
				PRODUCT_NAME = "$(TARGET_NAME)";
				SWIFT_EMIT_LOC_STRINGS = YES;
				SWIFT_VERSION = 5.0;
				TARGETED_DEVICE_FAMILY = "1,2";
			};
			name = Debug;
		};
		2138ED1C2ADA95EC0022B2D7 /* Release */ = {
			isa = XCBuildConfiguration;
			buildSettings = {
				ASSETCATALOG_COMPILER_APPICON_NAME = AppIcon;
				ASSETCATALOG_COMPILER_GLOBAL_ACCENT_COLOR_NAME = AccentColor;
				CODE_SIGN_STYLE = Automatic;
				CURRENT_PROJECT_VERSION = 1;
				DEVELOPMENT_ASSET_PATHS = "\"mainpage3/Preview Content\"";
				ENABLE_PREVIEWS = YES;
				GENERATE_INFOPLIST_FILE = YES;
				INFOPLIST_FILE = mainpage3/Info.plist;
				INFOPLIST_KEY_UIApplicationSceneManifest_Generation = YES;
				INFOPLIST_KEY_UIApplicationSupportsIndirectInputEvents = YES;
				INFOPLIST_KEY_UILaunchScreen_Generation = YES;
				INFOPLIST_KEY_UISupportedInterfaceOrientations_iPad = "UIInterfaceOrientationPortrait UIInterfaceOrientationPortraitUpsideDown UIInterfaceOrientationLandscapeLeft UIInterfaceOrientationLandscapeRight";
				INFOPLIST_KEY_UISupportedInterfaceOrientations_iPhone = "UIInterfaceOrientationPortrait UIInterfaceOrientationLandscapeLeft UIInterfaceOrientationLandscapeRight";
				LD_RUNPATH_SEARCH_PATHS = (
					"$(inherited)",
					"@executable_path/Frameworks",
				);
				MARKETING_VERSION = 1.0;
				PRODUCT_BUNDLE_IDENTIFIER = r.mainpage3;
				PRODUCT_NAME = "$(TARGET_NAME)";
				SWIFT_EMIT_LOC_STRINGS = YES;
				SWIFT_VERSION = 5.0;
				TARGETED_DEVICE_FAMILY = "1,2";
			};
			name = Release;
		};
/* End XCBuildConfiguration section */

/* Begin XCConfigurationList section */
		2138ED072ADA95EA0022B2D7 /* Build configuration list for PBXProject "mainpage3" */ = {
			isa = XCConfigurationList;
			buildConfigurations = (
				2138ED182ADA95EC0022B2D7 /* Debug */,
				2138ED192ADA95EC0022B2D7 /* Release */,
			);
			defaultConfigurationIsVisible = 0;
			defaultConfigurationName = Release;
		};
		2138ED1A2ADA95EC0022B2D7 /* Build configuration list for PBXNativeTarget "mainpage3" */ = {
			isa = XCConfigurationList;
			buildConfigurations = (
				2138ED1B2ADA95EC0022B2D7 /* Debug */,
				2138ED1C2ADA95EC0022B2D7 /* Release */,
			);
			defaultConfigurationIsVisible = 0;
			defaultConfigurationName = Release;
		};
/* End XCConfigurationList section */
	};
	rootObject = 2138ED042ADA95EA0022B2D7 /* Project object */;
}
